
Microsoft Visual Studio Solution File, Format Version 11.00
# Visual Studio 2010
Project("{FAE04EC0-301F-11D3-BF4B-00C04F79EFBC}") = "Prestec de Portatils UPF", "Prèstec de Portàtils UPF\Prestec de Portatils UPF.csproj", "{7E5C402A-EC7C-490A-BDCA-523B665172BE}"
EndProject
Global
	GlobalSection(SolutionConfigurationPlatforms) = preSolution
		Debug|Any CPU = Debug|Any CPU
		Release|Any CPU = Release|Any CPU
	EndGlobalSection
	GlobalSection(ProjectConfigurationPlatforms) = postSolution
		{7E5C402A-EC7C-490A-BDCA-523B665172BE}.Debug|Any CPU.ActiveCfg = Debug|Any CPU
		{7E5C402A-EC7C-490A-BDCA-523B665172BE}.Debug|Any CPU.Build.0 = Debug|Any CPU
		{7E5C402A-EC7C-490A-BDCA-523B665172BE}.Debug|Any CPU.Deploy.0 = Debug|Any CPU
		{7E5C402A-EC7C-490A-BDCA-523B665172BE}.Release|Any CPU.ActiveCfg = Release|Any CPU
		{7E5C402A-EC7C-490A-BDCA-523B665172BE}.Release|Any CPU.Build.0 = Release|Any CPU
		{7E5C402A-EC7C-490A-BDCA-523B665172BE}.Release|Any CPU.Deploy.0 = Release|Any CPU
	EndGlobalSection
	GlobalSection(SolutionProperties) = preSolution
		HideSolutionNode = FALSE
	EndGlobalSection
EndGlobal
